{
  "lockfileVersion": 1,
  "workspaces": {
    "": {
      "name": "bun-react-template",
      "dependencies": {
        "@uppy/aws-s3": "^5.0.1",
        "@uppy/react": "^5.0.3",
        "@uppy/tus": "^5.0.1",
        "bun-plugin-tailwind": "^0.0.15",
        "react": "^19",
        "react-dom": "^19",
        "tailwindcss": "^4.1.11",
        "use-tus": "^0.8.3",
      },
      "devDependencies": {
        "@types/bun": "latest",
        "@types/react": "^19",
        "@types/react-dom": "^19",
      },
    },
  },
  "packages": {
    "@transloadit/prettier-bytes": ["@transloadit/prettier-bytes@0.3.5", "", {}, "sha512-xF4A3d/ZyX2LJWeQZREZQw+qFX4TGQ8bGVP97OLRt6sPO6T0TNHBFTuRHOJh7RNmYOBmQ9MHxpolD9bXihpuVA=="],

    "@types/bun": ["@types/bun@1.2.22", "", { "dependencies": { "bun-types": "1.2.22" } }, "sha512-5A/KrKos2ZcN0c6ljRSOa1fYIyCKhZfIVYeuyb4snnvomnpFqC0tTsEkdqNxbAgExV384OETQ//WAjl3XbYqQA=="],

    "@types/node": ["@types/node@24.5.2", "", { "dependencies": { "undici-types": "~7.12.0" } }, "sha512-FYxk1I7wPv3K2XBaoyH2cTnocQEu8AOZ60hPbsyukMPLv5/5qr7V1i8PLHdl6Zf87I+xZXFvPCXYjiTFq+YSDQ=="],

    "@types/react": ["@types/react@19.1.13", "", { "dependencies": { "csstype": "^3.0.2" } }, "sha512-hHkbU/eoO3EG5/MZkuFSKmYqPbSVk5byPFa3e7y/8TybHiLMACgI8seVYlicwk7H5K/rI2px9xrQp/C+AUDTiQ=="],

    "@types/react-dom": ["@types/react-dom@19.1.9", "", { "peerDependencies": { "@types/react": "^19.0.0" } }, "sha512-qXRuZaOsAdXKFyOhRBg6Lqqc0yay13vN7KrIg4L7N4aaHN68ma9OK3NE1BoDFgFOTfM7zg+3/8+2n8rLUH3OKQ=="],

    "@types/retry": ["@types/retry@0.12.2", "", {}, "sha512-XISRgDJ2Tc5q4TRqvgJtzsRkFYNJzZrhTdtMoGVBttwzzQJkPnS3WWTFc7kuDRoPtPakl+T+OfdEUjYJj7Jbow=="],

    "@uppy/audio": ["@uppy/audio@3.0.1", "", { "dependencies": { "@uppy/utils": "^7.0.2", "preact": "^10.5.13" }, "peerDependencies": { "@uppy/core": "^5.0.2" } }, "sha512-SVqE7vbYrG6lo+Z/NGDxZPFLcoXG9nRg9pCY/oZ6HAJv3nAft0QR1CaUoNfiMVXZo178AYg/x96SEpp34Xp1BA=="],

    "@uppy/aws-s3": ["@uppy/aws-s3@5.0.1", "", { "dependencies": { "@uppy/companion-client": "^5.0.1", "@uppy/utils": "^7.0.2" }, "peerDependencies": { "@uppy/core": "^5.0.2" } }, "sha512-HHbmDl1GQ3XfEU925R5pbBiFODaPY0T5qExw0lablKwI4nh4Z9e238mr05U9O8LUyqpZLx+2MNURpG1Pb49C0w=="],

    "@uppy/box": ["@uppy/box@4.0.1", "", { "dependencies": { "@uppy/companion-client": "^5.0.1", "@uppy/provider-views": "^5.0.2", "@uppy/utils": "^7.0.2", "preact": "^10.5.13" }, "peerDependencies": { "@uppy/core": "^5.0.2" } }, "sha512-uFs3BRySCRb4crefJFdRBpkoRi0scefnXbu2xCJ4swH2lWJ+CT7ggoKs9Q9TdJCbekEH7U6BIgMLg8RX3eGCyQ=="],

    "@uppy/companion-client": ["@uppy/companion-client@5.0.1", "", { "dependencies": { "@uppy/utils": "^7.0.2", "namespace-emitter": "^2.0.1", "p-retry": "^6.1.0" }, "peerDependencies": { "@uppy/core": "^5.0.2" } }, "sha512-Gy4NCoj5JXQqm6Gr0T6VTeKVhrf8OvnFP1Ddz35dHUsy4GkXuvcc1FMzzKpxKWONtXWz6iQZocnhslgVIZvZwQ=="],

    "@uppy/components": ["@uppy/components@1.0.2", "", { "dependencies": { "@uppy/audio": "^3.0.1", "@uppy/core": "^5.0.2", "@uppy/image-editor": "^4.0.1", "@uppy/remote-sources": "^3.0.1", "@uppy/screen-capture": "^5.0.1", "@uppy/webcam": "^5.0.1", "clsx": "^2.1.1", "dequal": "^2.0.3", "preact": "^10.5.13", "pretty-bytes": "^6.1.1" } }, "sha512-IQNABdixuTQv1wLW4ekIqqmHqzZslreutb2Zh+lF/EZaMgO+LRlztMQvCXhgi5NRP+iL7urnssZGvh0SAn76lQ=="],

    "@uppy/core": ["@uppy/core@5.0.2", "", { "dependencies": { "@transloadit/prettier-bytes": "^0.3.4", "@uppy/store-default": "^5.0.0", "@uppy/utils": "^7.0.2", "lodash": "^4.17.21", "mime-match": "^1.0.2", "namespace-emitter": "^2.0.1", "nanoid": "^5.0.9", "preact": "^10.5.13" } }, "sha512-HY1IIr5Xff6P67MMSlG8JIgK099zFGksTnS8oBdFOGt+42ge7b6RXPH1zMerpteTLGqVfVT1kOrJLoJyTvT+NA=="],

    "@uppy/dashboard": ["@uppy/dashboard@5.0.2", "", { "dependencies": { "@transloadit/prettier-bytes": "^0.3.4", "@uppy/provider-views": "^5.0.2", "@uppy/thumbnail-generator": "^5.0.1", "@uppy/utils": "^7.0.2", "classnames": "^2.2.6", "lodash": "^4.17.21", "nanoid": "^5.0.9", "preact": "^10.5.13", "shallow-equal": "^3.0.0" }, "peerDependencies": { "@uppy/core": "^5.0.2" } }, "sha512-mW/bl4w1W3AUFpNHup0jJG+rAdavROyvVdLjXIr3az1Q2Hzu2IN0HgCpeVD4YEUhdLB6ToRYY4z91gyoRSZdQg=="],

    "@uppy/dropbox": ["@uppy/dropbox@5.0.1", "", { "dependencies": { "@uppy/companion-client": "^5.0.1", "@uppy/provider-views": "^5.0.2", "@uppy/utils": "^7.0.2", "preact": "^10.5.13" }, "peerDependencies": { "@uppy/core": "^5.0.2" } }, "sha512-TDF+K5APDorO67tr3u/y8rQxHIM66cIXy+1Uk4PfVPlFf5YSVdwYsKn9DEqDQZWsm3YmMdFI3iVJKOGsUlvD9Q=="],

    "@uppy/facebook": ["@uppy/facebook@5.0.1", "", { "dependencies": { "@uppy/companion-client": "^5.0.1", "@uppy/provider-views": "^5.0.2", "@uppy/utils": "^7.0.2", "preact": "^10.5.13" }, "peerDependencies": { "@uppy/core": "^5.0.2" } }, "sha512-8wToHgxjoRBA4wf4PVyvzyS4PBbotdn4Gv5QjSAiLZllmQsZPHXUhdHYSlc5JANJHE6cJgNar4/1xy0goAmgpg=="],

    "@uppy/google-drive": ["@uppy/google-drive@5.0.1", "", { "dependencies": { "@uppy/companion-client": "^5.0.1", "@uppy/provider-views": "^5.0.2", "@uppy/utils": "^7.0.2", "preact": "^10.5.13" }, "peerDependencies": { "@uppy/core": "^5.0.2" } }, "sha512-UkX322Z6V8P2/F+NH+v2APzEAtJJNH5bMBgTzk4v2oyAMFTL1wxkOm+/K8HGhwEOLiU3ta5JvXwuvVlC2uU49A=="],

    "@uppy/image-editor": ["@uppy/image-editor@4.0.1", "", { "dependencies": { "@uppy/utils": "^7.0.2", "cropperjs": "^1.6.2", "preact": "^10.5.13" }, "peerDependencies": { "@uppy/core": "^5.0.2" } }, "sha512-FcC433I584CuuqCQH0kJHKl/qDQ1SCSUqAuZ34sKGoN1RPKsCRGeZrFjWQEtKd+C5q7cAz6Icp6AaVVP8ZKh2w=="],

    "@uppy/instagram": ["@uppy/instagram@5.0.1", "", { "dependencies": { "@uppy/companion-client": "^5.0.1", "@uppy/provider-views": "^5.0.2", "@uppy/utils": "^7.0.2", "preact": "^10.5.13" }, "peerDependencies": { "@uppy/core": "^5.0.2" } }, "sha512-Y3UD9e5UUgQ/EOimpAbwKvPYGwGBDyeaxIZyTIRrd6lODfCsVr4qOjWxH/2yJ/Eo+LSrh4IcWI71sb2T6LN0iA=="],

    "@uppy/onedrive": ["@uppy/onedrive@5.0.1", "", { "dependencies": { "@uppy/companion-client": "^5.0.1", "@uppy/provider-views": "^5.0.2", "@uppy/utils": "^7.0.2", "preact": "^10.5.13" }, "peerDependencies": { "@uppy/core": "^5.0.2" } }, "sha512-jvTy7CE+M2SMRDH/b8RYB4vQb+BMloIdC1vEw3tNh9UyKpPWJjKCwSUk2sqCu1cT9Qv5bNgvU0/GOKxsZkv2tA=="],

    "@uppy/provider-views": ["@uppy/provider-views@5.0.2", "", { "dependencies": { "@uppy/utils": "^7.0.2", "classnames": "^2.2.6", "nanoid": "^5.0.9", "p-queue": "^8.0.0", "preact": "^10.5.13" }, "peerDependencies": { "@uppy/core": "^5.0.2" } }, "sha512-RaO/Gfq8kLA95s9n2kxAthiBcmLXocR+YiOhQ8H8DG1rA4aM2GllK7+b4KL1OLlg2tMHohs++qzaInCtb7br9g=="],

    "@uppy/react": ["@uppy/react@5.0.3", "", { "dependencies": { "@uppy/components": "^1.0.2", "@uppy/utils": "^7.0.2", "preact": "^10.5.13", "use-sync-external-store": "^1.3.0" }, "peerDependencies": { "@uppy/core": "^5.0.2", "@uppy/dashboard": "^5.0.2", "@uppy/screen-capture": "^5.0.1", "@uppy/webcam": "^5.0.1", "react": "^18.0.0 || ^19.0.0", "react-dom": "^18.0.0 || ^19.0.0" }, "optionalPeers": ["@uppy/dashboard", "@uppy/screen-capture", "@uppy/webcam"] }, "sha512-I7/CQyp2e9HcBzcvVmZJU9Q6t8BrDvohnR7pa1RxVFTvgryPNBT0mg3Vo7OqHjRq9uQ6J9N+luKo9KuK3lBG9A=="],

    "@uppy/remote-sources": ["@uppy/remote-sources@3.0.1", "", { "dependencies": { "@uppy/box": "^4.0.1", "@uppy/dashboard": "^5.0.2", "@uppy/dropbox": "^5.0.1", "@uppy/facebook": "^5.0.1", "@uppy/google-drive": "^5.0.1", "@uppy/instagram": "^5.0.1", "@uppy/onedrive": "^5.0.1", "@uppy/unsplash": "^5.0.1", "@uppy/url": "^5.0.1", "@uppy/zoom": "^4.0.1" }, "peerDependencies": { "@uppy/core": "^5.0.2" } }, "sha512-t9eBx7bRLVvb/lLmXhvDCr9AHZ0LicatdVEePjlRXtTfXWVX9pQ6Qh3j+Cnjg/Po0BDvfO1X5ZYETgwYSzRKeA=="],

    "@uppy/screen-capture": ["@uppy/screen-capture@5.0.1", "", { "dependencies": { "@uppy/utils": "^7.0.2", "preact": "^10.5.13" }, "peerDependencies": { "@uppy/core": "^5.0.2" } }, "sha512-GBAOhku+6XILdgCW3KcWpvXFlX0o8yAZhe8mhN8AFEbQBUtxLZi63fcqfBRjKE0oHrV+4vuND1M5d1/P5UMYXg=="],

    "@uppy/store-default": ["@uppy/store-default@5.0.0", "", {}, "sha512-hQtCSQ1yGiaval/wVYUWquYGDJ+bpQ7e4FhUUAsRQz1x1K+o7NBtjfp63O9I4Ks1WRoKunpkarZ+as09l02cPw=="],

    "@uppy/thumbnail-generator": ["@uppy/thumbnail-generator@5.0.1", "", { "dependencies": { "@uppy/utils": "^7.0.2", "exifr": "^7.0.0" }, "peerDependencies": { "@uppy/core": "^5.0.2" } }, "sha512-kmRpZKGS+xCdXU66weLHZ30F8UYEW3U5amtZE8l/ZoDJf/mVevae0RBE8qQsEPXjs6IFH3MCgb4fZ/s/itc3QA=="],

    "@uppy/tus": ["@uppy/tus@5.0.1", "", { "dependencies": { "@uppy/companion-client": "^5.0.1", "@uppy/utils": "^7.0.2", "tus-js-client": "^4.2.3" }, "peerDependencies": { "@uppy/core": "^5.0.2" } }, "sha512-4BQA2UFjznXrJhmjsgT/m8WDThoSX2vxKZJH/aF1Xj4GmB46+a5kas6ttCsMDcPq918/sdRJsqCMGj1r4oXKLQ=="],

    "@uppy/unsplash": ["@uppy/unsplash@5.0.1", "", { "dependencies": { "@uppy/companion-client": "^5.0.1", "@uppy/provider-views": "^5.0.2", "@uppy/utils": "^7.0.2", "preact": "^10.5.13" }, "peerDependencies": { "@uppy/core": "^5.0.2" } }, "sha512-Iiy8904TQbM9FN0Sx1B8mXAP0iTS7464MxoJUJuMaHNQzPs6IlOs5In/6T0VX36OJ8hFmOG2hM3Q3xB2fGU0yQ=="],

    "@uppy/url": ["@uppy/url@5.0.1", "", { "dependencies": { "@uppy/companion-client": "^5.0.1", "@uppy/utils": "^7.0.2", "nanoid": "^5.0.9", "preact": "^10.5.13" }, "peerDependencies": { "@uppy/core": "^5.0.2" } }, "sha512-hc7Sv/3p1aZIS0SebA10HO5T9022MWjr14NkNpdb1EfoeUzjjmr2xwQpnQNU1mo3UJFP4ULYWTlF3SH4cE8Deg=="],

    "@uppy/utils": ["@uppy/utils@7.0.2", "", { "dependencies": { "lodash": "^4.17.21", "preact": "^10.5.13" } }, "sha512-2fdtgwNTkLgh7yMmHN3ZztHaP/o/iXDSt5VAbvGG4tFFkRxaaDmSKAljglEle1+m1OamKQLjm8fIxfOqu/szng=="],

    "@uppy/webcam": ["@uppy/webcam@5.0.1", "", { "dependencies": { "@uppy/utils": "^7.0.2", "is-mobile": "^4.0.0", "preact": "^10.5.13" }, "peerDependencies": { "@uppy/core": "^5.0.2" } }, "sha512-zjt3g5E6g5NbufEtYBnK6IS5uBABQnuVixAiwfTYe9of1GkZJpOAe6qeg+zoRad0K/twt2YGqkGyhwzVL9ipuQ=="],

    "@uppy/zoom": ["@uppy/zoom@4.0.1", "", { "dependencies": { "@uppy/companion-client": "^5.0.1", "@uppy/provider-views": "^5.0.2", "@uppy/utils": "^7.0.2", "preact": "^10.5.13" }, "peerDependencies": { "@uppy/core": "^5.0.2" } }, "sha512-O6zseYdZ4KP29n2o6htXth3P7tChyoNVaH43yeT1l9o3+ODTqcUJRdcYxi4vqs6jBUiCGAFhCVk0mETf0VkaLg=="],

    "buffer-from": ["buffer-from@1.1.2", "", {}, "sha512-E+XQCRwSbaaiChtv6k6Dwgc+bx+Bs6vuKJHHl5kox/BaKbhiXzqQOwK4cO22yElGp2OCmjwVhT3HmxgyPGnJfQ=="],

    "bun-plugin-tailwind": ["bun-plugin-tailwind@0.0.15", "", { "peerDependencies": { "typescript": "^5.0.0" } }, "sha512-qtAXMNGG4R0UGGI8zWrqm2B7BdXqx48vunJXBPzfDOHPA5WkRUZdTSbE7TFwO4jLhYqSE23YMWsM9NhE6ovobw=="],

    "bun-types": ["bun-types@1.2.22", "", { "dependencies": { "@types/node": "*" }, "peerDependencies": { "@types/react": "^19" } }, "sha512-hwaAu8tct/Zn6Zft4U9BsZcXkYomzpHJX28ofvx7k0Zz2HNz54n1n+tDgxoWFGB4PcFvJXJQloPhaV2eP3Q6EA=="],

    "classnames": ["classnames@2.5.1", "", {}, "sha512-saHYOzhIQs6wy2sVxTM6bUDsQO4F50V9RQ22qBpEdCW+I+/Wmke2HOl6lS6dTpdxVhb88/I6+Hs+438c3lfUow=="],

    "clsx": ["clsx@2.1.1", "", {}, "sha512-eYm0QWBtUrBWZWG0d386OGAw16Z995PiOVo2B7bjWSbHedGl5e0ZWaq65kOGgUSNesEIDkB9ISbTg/JK9dhCZA=="],

    "combine-errors": ["combine-errors@3.0.3", "", { "dependencies": { "custom-error-instance": "2.1.1", "lodash.uniqby": "4.5.0" } }, "sha512-C8ikRNRMygCwaTx+Ek3Yr+OuZzgZjduCOfSQBjbM8V3MfgcjSTeto/GXP6PAwKvJz/v15b7GHZvx5rOlczFw/Q=="],

    "cropperjs": ["cropperjs@1.6.2", "", {}, "sha512-nhymn9GdnV3CqiEHJVai54TULFAE3VshJTXSqSJKa8yXAKyBKDWdhHarnlIPrshJ0WMFTGuFvG02YjLXfPiuOA=="],

    "csstype": ["csstype@3.1.3", "", {}, "sha512-M1uQkMl8rQK/szD0LNhtqxIPLpimGm8sOBwU7lLnCpSbTyY3yeU1Vc7l4KT5zT4s/yOxHH5O7tIuuLOCnLADRw=="],

    "custom-error-instance": ["custom-error-instance@2.1.1", "", {}, "sha512-p6JFxJc3M4OTD2li2qaHkDCw9SfMw82Ldr6OC9Je1aXiGfhx2W8p3GaoeaGrPJTUN9NirTM/KTxHWMUdR1rsUg=="],

    "dequal": ["dequal@2.0.3", "", {}, "sha512-0je+qPKHEMohvfRTCEo3CrPG6cAzAYgmzKyxRiYSSDkS6eGJdyVJm7WaYA5ECaAD9wLB2T4EEeymA5aFVcYXCA=="],

    "eventemitter3": ["eventemitter3@5.0.1", "", {}, "sha512-GWkBvjiSZK87ELrYOSESUYeVIc9mvLLf/nXalMOS5dYrgZq9o5OVkbZAVM06CVxYsCwH9BDZFPlQTlPA1j4ahA=="],

    "exifr": ["exifr@7.1.3", "", {}, "sha512-g/aje2noHivrRSLbAUtBPWFbxKdKhgj/xr1vATDdUXPOFYJlQ62Ft0oy+72V6XLIpDJfHs6gXLbBLAolqOXYRw=="],

    "graceful-fs": ["graceful-fs@4.2.11", "", {}, "sha512-RbJ5/jmFcNNCcDV5o9eTnBLJ/HszWV0P73bc+Ff4nS/rJj+YaS6IGyiOL0VoBYX+l1Wrl3k63h/KrH+nhJ0XvQ=="],

    "is-mobile": ["is-mobile@4.0.0", "", {}, "sha512-mlcHZA84t1qLSuWkt2v0I2l61PYdyQDt4aG1mLIXF5FDMm4+haBCxCPYSr/uwqQNRk1MiTizn0ypEuRAOLRAew=="],

    "is-network-error": ["is-network-error@1.2.0", "", {}, "sha512-32jdpRpJo8SeL7zOuBJbMLz/VTw9mDpTvcKzzR8DkXWsJbbE60gdiX8YOd0UAV6b8Skt+CMytzfgVVIRFidn0Q=="],

    "is-stream": ["is-stream@2.0.1", "", {}, "sha512-hFoiJiTl63nn+kstHGBtewWSKnQLpyb155KHheA1l39uvtO9nWIop1p3udqPcUd/xbF1VLMO4n7OI6p7RbngDg=="],

    "js-base64": ["js-base64@3.7.8", "", {}, "sha512-hNngCeKxIUQiEUN3GPJOkz4wF/YvdUdbNL9hsBcMQTkKzboD7T/q3OYOuuPZLUE6dBxSGpwhk5mwuDud7JVAow=="],

    "lodash": ["lodash@4.17.21", "", {}, "sha512-v2kDEe57lecTulaDIuNTPy3Ry4gLGJ6Z1O3vE1krgXZNrsQ+LFTGHVxVjcXPs17LhbZVGedAJv8XZ1tvj5FvSg=="],

    "lodash._baseiteratee": ["lodash._baseiteratee@4.7.0", "", { "dependencies": { "lodash._stringtopath": "~4.8.0" } }, "sha512-nqB9M+wITz0BX/Q2xg6fQ8mLkyfF7MU7eE+MNBNjTHFKeKaZAPEzEg+E8LWxKWf1DQVflNEn9N49yAuqKh2mWQ=="],

    "lodash._basetostring": ["lodash._basetostring@4.12.0", "", {}, "sha512-SwcRIbyxnN6CFEEK4K1y+zuApvWdpQdBHM/swxP962s8HIxPO3alBH5t3m/dl+f4CMUug6sJb7Pww8d13/9WSw=="],

    "lodash._baseuniq": ["lodash._baseuniq@4.6.0", "", { "dependencies": { "lodash._createset": "~4.0.0", "lodash._root": "~3.0.0" } }, "sha512-Ja1YevpHZctlI5beLA7oc5KNDhGcPixFhcqSiORHNsp/1QTv7amAXzw+gu4YOvErqVlMVyIJGgtzeepCnnur0A=="],

    "lodash._createset": ["lodash._createset@4.0.3", "", {}, "sha512-GTkC6YMprrJZCYU3zcqZj+jkXkrXzq3IPBcF/fIPpNEAB4hZEtXU8zp/RwKOvZl43NUmwDbyRk3+ZTbeRdEBXA=="],

    "lodash._root": ["lodash._root@3.0.1", "", {}, "sha512-O0pWuFSK6x4EXhM1dhZ8gchNtG7JMqBtrHdoUFUWXD7dJnNSUze1GuyQr5sOs0aCvgGeI3o/OJW8f4ca7FDxmQ=="],

    "lodash._stringtopath": ["lodash._stringtopath@4.8.0", "", { "dependencies": { "lodash._basetostring": "~4.12.0" } }, "sha512-SXL66C731p0xPDC5LZg4wI5H+dJo/EO4KTqOMwLYCH3+FmmfAKJEZCm6ohGpI+T1xwsDsJCfL4OnhorllvlTPQ=="],

    "lodash.throttle": ["lodash.throttle@4.1.1", "", {}, "sha512-wIkUCfVKpVsWo3JSZlc+8MB5it+2AN5W8J7YVMST30UrvcQNZ1Okbj+rbVniijTWE6FGYy4XJq/rHkas8qJMLQ=="],

    "lodash.uniqby": ["lodash.uniqby@4.5.0", "", { "dependencies": { "lodash._baseiteratee": "~4.7.0", "lodash._baseuniq": "~4.6.0" } }, "sha512-IRt7cfTtHy6f1aRVA5n7kT8rgN3N1nH6MOWLcHfpWG2SH19E3JksLK38MktLxZDhlAjCP9jpIXkOnRXlu6oByQ=="],

    "mime-match": ["mime-match@1.0.2", "", { "dependencies": { "wildcard": "^1.1.0" } }, "sha512-VXp/ugGDVh3eCLOBCiHZMYWQaTNUHv2IJrut+yXA6+JbLPXHglHwfS/5A5L0ll+jkCY7fIzRJcH6OIunF+c6Cg=="],

    "namespace-emitter": ["namespace-emitter@2.0.1", "", {}, "sha512-N/sMKHniSDJBjfrkbS/tpkPj4RAbvW3mr8UAzvlMHyun93XEm83IAvhWtJVHo+RHn/oO8Job5YN4b+wRjSVp5g=="],

    "nanoid": ["nanoid@5.1.5", "", { "bin": { "nanoid": "bin/nanoid.js" } }, "sha512-Ir/+ZpE9fDsNH0hQ3C68uyThDXzYcim2EqcZ8zn8Chtt1iylPT9xXJB0kPCnqzgcEGikO9RxSrh63MsmVCU7Fw=="],

    "p-queue": ["p-queue@8.1.1", "", { "dependencies": { "eventemitter3": "^5.0.1", "p-timeout": "^6.1.2" } }, "sha512-aNZ+VfjobsWryoiPnEApGGmf5WmNsCo9xu8dfaYamG5qaLP7ClhLN6NgsFe6SwJ2UbLEBK5dv9x8Mn5+RVhMWQ=="],

    "p-retry": ["p-retry@6.2.1", "", { "dependencies": { "@types/retry": "0.12.2", "is-network-error": "^1.0.0", "retry": "^0.13.1" } }, "sha512-hEt02O4hUct5wtwg4H4KcWgDdm+l1bOaEy/hWzd8xtXB9BqxTWBBhb+2ImAtH4Cv4rPjV76xN3Zumqk3k3AhhQ=="],

    "p-timeout": ["p-timeout@6.1.4", "", {}, "sha512-MyIV3ZA/PmyBN/ud8vV9XzwTrNtR4jFrObymZYnZqMmW0zA8Z17vnT0rBgFE/TlohB+YCHqXMgZzb3Csp49vqg=="],

    "preact": ["preact@10.27.2", "", {}, "sha512-5SYSgFKSyhCbk6SrXyMpqjb5+MQBgfvEKE/OC+PujcY34sOpqtr+0AZQtPYx5IA6VxynQ7rUPCtKzyovpj9Bpg=="],

    "pretty-bytes": ["pretty-bytes@6.1.1", "", {}, "sha512-mQUvGU6aUFQ+rNvTIAcZuWGRT9a6f6Yrg9bHs4ImKF+HZCEK+plBvnAZYSIQztknZF2qnzNtr6F8s0+IuptdlQ=="],

    "proper-lockfile": ["proper-lockfile@4.1.2", "", { "dependencies": { "graceful-fs": "^4.2.4", "retry": "^0.12.0", "signal-exit": "^3.0.2" } }, "sha512-TjNPblN4BwAWMXU8s9AEz4JmQxnD1NNL7bNOY/AKUzyamc379FWASUhc/K1pL2noVb+XmZKLL68cjzLsiOAMaA=="],

    "querystringify": ["querystringify@2.2.0", "", {}, "sha512-FIqgj2EUvTa7R50u0rGsyTftzjYmv/a3hO345bZNrqabNqjtgiDMgmo4mkUjd+nzU5oF3dClKqFIPUKybUyqoQ=="],

    "react": ["react@19.1.1", "", {}, "sha512-w8nqGImo45dmMIfljjMwOGtbmC/mk4CMYhWIicdSflH91J9TyCyczcPFXJzrZ/ZXcgGRFeP6BU0BEJTw6tZdfQ=="],

    "react-dom": ["react-dom@19.1.1", "", { "dependencies": { "scheduler": "^0.26.0" }, "peerDependencies": { "react": "^19.1.1" } }, "sha512-Dlq/5LAZgF0Gaz6yiqZCf6VCcZs1ghAJyrsu84Q/GT0gV+mCxbfmKNoGRKBYMJ8IEdGPqu49YWXD02GCknEDkw=="],

    "requires-port": ["requires-port@1.0.0", "", {}, "sha512-KigOCHcocU3XODJxsu8i/j8T9tzT4adHiecwORRQ0ZZFcp7ahwXuRU1m+yuO90C5ZUyGeGfocHDI14M3L3yDAQ=="],

    "retry": ["retry@0.13.1", "", {}, "sha512-XQBQ3I8W1Cge0Seh+6gjj03LbmRFWuoszgK9ooCpwYIrhhoO80pfq4cUkU5DkknwfOfFteRwlZ56PYOGYyFWdg=="],

    "scheduler": ["scheduler@0.26.0", "", {}, "sha512-NlHwttCI/l5gCPR3D1nNXtWABUmBwvZpEQiD4IXSbIDq8BzLIK/7Ir5gTFSGZDUu37K5cMNp0hFtzO38sC7gWA=="],

    "shallow-equal": ["shallow-equal@3.1.0", "", {}, "sha512-pfVOw8QZIXpMbhBWvzBISicvToTiM5WBF1EeAUZDDSb5Dt29yl4AYbyywbJFSEsRUMr7gJaxqCdr4L3tQf9wVg=="],

    "signal-exit": ["signal-exit@3.0.7", "", {}, "sha512-wnD2ZE+l+SPC/uoS0vXeE9L1+0wuaMqKlfz9AMUo38JsyLSBWSFcHR1Rri62LZc12vLr1gb3jl7iwQhgwpAbGQ=="],

    "tailwindcss": ["tailwindcss@4.1.13", "", {}, "sha512-i+zidfmTqtwquj4hMEwdjshYYgMbOrPzb9a0M3ZgNa0JMoZeFC6bxZvO8yr8ozS6ix2SDz0+mvryPeBs2TFE+w=="],

    "tus-js-client": ["tus-js-client@4.3.1", "", { "dependencies": { "buffer-from": "^1.1.2", "combine-errors": "^3.0.3", "is-stream": "^2.0.0", "js-base64": "^3.7.2", "lodash.throttle": "^4.1.1", "proper-lockfile": "^4.1.2", "url-parse": "^1.5.7" } }, "sha512-ZLeYmjrkaU1fUsKbIi8JML52uAocjEZtBx4DKjRrqzrZa0O4MYwT6db+oqePlspV+FxXJAyFBc/L5gwUi2OFsg=="],

    "typescript": ["typescript@5.9.2", "", { "bin": { "tsc": "bin/tsc", "tsserver": "bin/tsserver" } }, "sha512-CWBzXQrc/qOkhidw1OzBTQuYRbfyxDXJMVJ1XNwUHGROVmuaeiEm3OslpZ1RV96d7SKKjZKrSJu3+t/xlw3R9A=="],

    "undici-types": ["undici-types@7.12.0", "", {}, "sha512-goOacqME2GYyOZZfb5Lgtu+1IDmAlAEu5xnD3+xTzS10hT0vzpf0SPjkXwAw9Jm+4n/mQGDP3LO8CPbYROeBfQ=="],

    "url-parse": ["url-parse@1.5.10", "", { "dependencies": { "querystringify": "^2.1.1", "requires-port": "^1.0.0" } }, "sha512-WypcfiRhfeUP9vvF0j6rw0J3hrWrw6iZv3+22h6iRMJ/8z1Tj6XfLP4DsUix5MhMPnXpiHDoKyoZ/bdCkwBCiQ=="],

    "use-sync-external-store": ["use-sync-external-store@1.5.0", "", { "peerDependencies": { "react": "^16.8.0 || ^17.0.0 || ^18.0.0 || ^19.0.0" } }, "sha512-Rb46I4cGGVBmjamjphe8L/UnvJD+uPPtTkNvX5mZgqdbavhI4EbgIWJiIHXJ8bc/i9EQGPRh4DwEURJ552Do0A=="],

    "use-tus": ["use-tus@0.8.3", "", { "peerDependencies": { "react": ">=16.8", "tus-js-client": ">=2.2.0" } }, "sha512-h2kTErWPOAnlQWHRog4fzR5OD9y+iAtsyCyrcB6+/9jpWREjqN5hu1RtLhulfkOnYiq8FXy+IynB2Xex7GluEw=="],

    "wildcard": ["wildcard@1.1.2", "", {}, "sha512-DXukZJxpHA8LuotRwL0pP1+rS6CS7FF2qStDDE1C7DDg2rLud2PXRMuEDYIPhgEezwnlHNL4c+N6MfMTjCGTng=="],

    "proper-lockfile/retry": ["retry@0.12.0", "", {}, "sha512-9LkiTwjUh6rT555DtE9rTX+BKByPfrMzEAtnlEtdEwr3Nkffwiihqe2bWADg+OQRjt9gl6ICdmB/ZFDCGAtSow=="],
  }
}
