{
  "name": "bun-react-template",
  "version": "0.1.0",
  "lockfileVersion": 3,
  "requires": true,
  "packages": {
    "": {
      "name": "bun-react-template",
      "version": "0.1.0",
      "dependencies": {
        "@tanstack/react-table": "^8.21.3",
        "@uppy/aws-s3": "^5.0.1",
        "@uppy/react": "^5.0.3",
        "@uppy/tus": "^5.0.1",
        "bun-plugin-tailwind": "^0.0.15",
        "drizzle-orm": "^0.44.5",
        "nanoid": "^5.1.5",
        "postgres": "^3.4.7",
        "react": "^19",
        "react-dom": "^19",
        "tailwindcss": "^4.1.11",
        "use-tus": "^0.8.3",
        "zod": "^4.1.9"
      },
      "devDependencies": {
        "@types/bun": "latest",
        "@types/react": "^19",
        "@types/react-dom": "^19"
      }
    },
    "node_modules/@tanstack/react-table": {
      "version": "8.21.3",
      "resolved": "https://registry.npmjs.org/@tanstack/react-table/-/react-table-8.21.3.tgz",
      "integrity": "sha512-5nNMTSETP4ykGegmVkhjcS8tTLW6Vl4axfEGQN3v0zdHYbK4UfoqfPChclTrJ4EoK9QynqAu9oUf8VEmrpZ5Ww==",
      "license": "MIT",
      "dependencies": {
        "@tanstack/table-core": "8.21.3"
      },
      "engines": {
        "node": ">=12"
      },
      "funding": {
        "type": "github",
        "url": "https://github.com/sponsors/tannerlinsley"
      },
      "peerDependencies": {
        "react": ">=16.8",
        "react-dom": ">=16.8"
      }
    },
    "node_modules/@tanstack/table-core": {
      "version": "8.21.3",
      "resolved": "https://registry.npmjs.org/@tanstack/table-core/-/table-core-8.21.3.tgz",
      "integrity": "sha512-ldZXEhOBb8Is7xLs01fR3YEc3DERiz5silj8tnGkFZytt1abEvl/GhUmCE0PMLaMPTa3Jk4HbKmRlHmu+gCftg==",
      "license": "MIT",
      "engines": {
        "node": ">=12"
      },
      "funding": {
        "type": "github",
        "url": "https://github.com/sponsors/tannerlinsley"
      }
    },
    "node_modules/@transloadit/prettier-bytes": {
      "version": "0.3.5",
      "resolved": "https://registry.npmjs.org/@transloadit/prettier-bytes/-/prettier-bytes-0.3.5.tgz",
      "integrity": "sha512-xF4A3d/ZyX2LJWeQZREZQw+qFX4TGQ8bGVP97OLRt6sPO6T0TNHBFTuRHOJh7RNmYOBmQ9MHxpolD9bXihpuVA==",
      "license": "MIT"
    },
    "node_modules/@types/bun": {
      "version": "1.2.22",
      "resolved": "https://registry.npmjs.org/@types/bun/-/bun-1.2.22.tgz",
      "integrity": "sha512-5A/KrKos2ZcN0c6ljRSOa1fYIyCKhZfIVYeuyb4snnvomnpFqC0tTsEkdqNxbAgExV384OETQ//WAjl3XbYqQA==",
      "dev": true,
      "license": "MIT",
      "dependencies": {
        "bun-types": "1.2.22"
      }
    },
    "node_modules/@types/node": {
      "version": "24.5.2",
      "resolved": "https://registry.npmjs.org/@types/node/-/node-24.5.2.tgz",
      "integrity": "sha512-FYxk1I7wPv3K2XBaoyH2cTnocQEu8AOZ60hPbsyukMPLv5/5qr7V1i8PLHdl6Zf87I+xZXFvPCXYjiTFq+YSDQ==",
      "devOptional": true,
      "license": "MIT",
      "dependencies": {
        "undici-types": "~7.12.0"
      }
    },
    "node_modules/@types/react": {
      "version": "19.1.13",
      "resolved": "https://registry.npmjs.org/@types/react/-/react-19.1.13.tgz",
      "integrity": "sha512-hHkbU/eoO3EG5/MZkuFSKmYqPbSVk5byPFa3e7y/8TybHiLMACgI8seVYlicwk7H5K/rI2px9xrQp/C+AUDTiQ==",
      "devOptional": true,
      "license": "MIT",
      "dependencies": {
        "csstype": "^3.0.2"
      }
    },
    "node_modules/@types/react-dom": {
      "version": "19.1.9",
      "resolved": "https://registry.npmjs.org/@types/react-dom/-/react-dom-19.1.9.tgz",
      "integrity": "sha512-qXRuZaOsAdXKFyOhRBg6Lqqc0yay13vN7KrIg4L7N4aaHN68ma9OK3NE1BoDFgFOTfM7zg+3/8+2n8rLUH3OKQ==",
      "dev": true,
      "license": "MIT",
      "peerDependencies": {
        "@types/react": "^19.0.0"
      }
    },
    "node_modules/@types/retry": {
      "version": "0.12.2",
      "resolved": "https://registry.npmjs.org/@types/retry/-/retry-0.12.2.tgz",
      "integrity": "sha512-XISRgDJ2Tc5q4TRqvgJtzsRkFYNJzZrhTdtMoGVBttwzzQJkPnS3WWTFc7kuDRoPtPakl+T+OfdEUjYJj7Jbow==",
      "license": "MIT"
    },
    "node_modules/@uppy/audio": {
      "version": "3.0.1",
      "resolved": "https://registry.npmjs.org/@uppy/audio/-/audio-3.0.1.tgz",
      "integrity": "sha512-SVqE7vbYrG6lo+Z/NGDxZPFLcoXG9nRg9pCY/oZ6HAJv3nAft0QR1CaUoNfiMVXZo178AYg/x96SEpp34Xp1BA==",
      "license": "MIT",
      "dependencies": {
        "@uppy/utils": "^7.0.2",
        "preact": "^10.5.13"
      },
      "peerDependencies": {
        "@uppy/core": "^5.0.2"
      }
    },
    "node_modules/@uppy/aws-s3": {
      "version": "5.0.1",
      "resolved": "https://registry.npmjs.org/@uppy/aws-s3/-/aws-s3-5.0.1.tgz",
      "integrity": "sha512-HHbmDl1GQ3XfEU925R5pbBiFODaPY0T5qExw0lablKwI4nh4Z9e238mr05U9O8LUyqpZLx+2MNURpG1Pb49C0w==",
      "license": "MIT",
      "dependencies": {
        "@uppy/companion-client": "^5.0.1",
        "@uppy/utils": "^7.0.2"
      },
      "peerDependencies": {
        "@uppy/core": "^5.0.2"
      }
    },
    "node_modules/@uppy/box": {
      "version": "4.0.1",
      "resolved": "https://registry.npmjs.org/@uppy/box/-/box-4.0.1.tgz",
      "integrity": "sha512-uFs3BRySCRb4crefJFdRBpkoRi0scefnXbu2xCJ4swH2lWJ+CT7ggoKs9Q9TdJCbekEH7U6BIgMLg8RX3eGCyQ==",
      "license": "MIT",
      "dependencies": {
        "@uppy/companion-client": "^5.0.1",
        "@uppy/provider-views": "^5.0.2",
        "@uppy/utils": "^7.0.2",
        "preact": "^10.5.13"
      },
      "peerDependencies": {
        "@uppy/core": "^5.0.2"
      }
    },
    "node_modules/@uppy/companion-client": {
      "version": "5.0.1",
      "resolved": "https://registry.npmjs.org/@uppy/companion-client/-/companion-client-5.0.1.tgz",
      "integrity": "sha512-Gy4NCoj5JXQqm6Gr0T6VTeKVhrf8OvnFP1Ddz35dHUsy4GkXuvcc1FMzzKpxKWONtXWz6iQZocnhslgVIZvZwQ==",
      "license": "MIT",
      "dependencies": {
        "@uppy/utils": "^7.0.2",
        "namespace-emitter": "^2.0.1",
        "p-retry": "^6.1.0"
      },
      "peerDependencies": {
        "@uppy/core": "^5.0.2"
      }
    },
    "node_modules/@uppy/components": {
      "version": "1.0.2",
      "resolved": "https://registry.npmjs.org/@uppy/components/-/components-1.0.2.tgz",
      "integrity": "sha512-IQNABdixuTQv1wLW4ekIqqmHqzZslreutb2Zh+lF/EZaMgO+LRlztMQvCXhgi5NRP+iL7urnssZGvh0SAn76lQ==",
      "license": "MIT",
      "dependencies": {
        "@uppy/audio": "^3.0.1",
        "@uppy/core": "^5.0.2",
        "@uppy/image-editor": "^4.0.1",
        "@uppy/remote-sources": "^3.0.1",
        "@uppy/screen-capture": "^5.0.1",
        "@uppy/webcam": "^5.0.1",
        "clsx": "^2.1.1",
        "dequal": "^2.0.3",
        "preact": "^10.5.13",
        "pretty-bytes": "^6.1.1"
      }
    },
    "node_modules/@uppy/core": {
      "version": "5.0.2",
      "resolved": "https://registry.npmjs.org/@uppy/core/-/core-5.0.2.tgz",
      "integrity": "sha512-HY1IIr5Xff6P67MMSlG8JIgK099zFGksTnS8oBdFOGt+42ge7b6RXPH1zMerpteTLGqVfVT1kOrJLoJyTvT+NA==",
      "license": "MIT",
      "dependencies": {
        "@transloadit/prettier-bytes": "^0.3.4",
        "@uppy/store-default": "^5.0.0",
        "@uppy/utils": "^7.0.2",
        "lodash": "^4.17.21",
        "mime-match": "^1.0.2",
        "namespace-emitter": "^2.0.1",
        "nanoid": "^5.0.9",
        "preact": "^10.5.13"
      }
    },
    "node_modules/@uppy/dashboard": {
      "version": "5.0.2",
      "resolved": "https://registry.npmjs.org/@uppy/dashboard/-/dashboard-5.0.2.tgz",
      "integrity": "sha512-mW/bl4w1W3AUFpNHup0jJG+rAdavROyvVdLjXIr3az1Q2Hzu2IN0HgCpeVD4YEUhdLB6ToRYY4z91gyoRSZdQg==",
      "license": "MIT",
      "dependencies": {
        "@transloadit/prettier-bytes": "^0.3.4",
        "@uppy/provider-views": "^5.0.2",
        "@uppy/thumbnail-generator": "^5.0.1",
        "@uppy/utils": "^7.0.2",
        "classnames": "^2.2.6",
        "lodash": "^4.17.21",
        "nanoid": "^5.0.9",
        "preact": "^10.5.13",
        "shallow-equal": "^3.0.0"
      },
      "peerDependencies": {
        "@uppy/core": "^5.0.2"
      }
    },
    "node_modules/@uppy/dropbox": {
      "version": "5.0.1",
      "resolved": "https://registry.npmjs.org/@uppy/dropbox/-/dropbox-5.0.1.tgz",
      "integrity": "sha512-TDF+K5APDorO67tr3u/y8rQxHIM66cIXy+1Uk4PfVPlFf5YSVdwYsKn9DEqDQZWsm3YmMdFI3iVJKOGsUlvD9Q==",
      "license": "MIT",
      "dependencies": {
        "@uppy/companion-client": "^5.0.1",
        "@uppy/provider-views": "^5.0.2",
        "@uppy/utils": "^7.0.2",
        "preact": "^10.5.13"
      },
      "peerDependencies": {
        "@uppy/core": "^5.0.2"
      }
    },
    "node_modules/@uppy/facebook": {
      "version": "5.0.1",
      "resolved": "https://registry.npmjs.org/@uppy/facebook/-/facebook-5.0.1.tgz",
      "integrity": "sha512-8wToHgxjoRBA4wf4PVyvzyS4PBbotdn4Gv5QjSAiLZllmQsZPHXUhdHYSlc5JANJHE6cJgNar4/1xy0goAmgpg==",
      "license": "MIT",
      "dependencies": {
        "@uppy/companion-client": "^5.0.1",
        "@uppy/provider-views": "^5.0.2",
        "@uppy/utils": "^7.0.2",
        "preact": "^10.5.13"
      },
      "peerDependencies": {
        "@uppy/core": "^5.0.2"
      }
    },
    "node_modules/@uppy/google-drive": {
      "version": "5.0.1",
      "resolved": "https://registry.npmjs.org/@uppy/google-drive/-/google-drive-5.0.1.tgz",
      "integrity": "sha512-UkX322Z6V8P2/F+NH+v2APzEAtJJNH5bMBgTzk4v2oyAMFTL1wxkOm+/K8HGhwEOLiU3ta5JvXwuvVlC2uU49A==",
      "license": "MIT",
      "dependencies": {
        "@uppy/companion-client": "^5.0.1",
        "@uppy/provider-views": "^5.0.2",
        "@uppy/utils": "^7.0.2",
        "preact": "^10.5.13"
      },
      "peerDependencies": {
        "@uppy/core": "^5.0.2"
      }
    },
    "node_modules/@uppy/image-editor": {
      "version": "4.0.1",
      "resolved": "https://registry.npmjs.org/@uppy/image-editor/-/image-editor-4.0.1.tgz",
      "integrity": "sha512-FcC433I584CuuqCQH0kJHKl/qDQ1SCSUqAuZ34sKGoN1RPKsCRGeZrFjWQEtKd+C5q7cAz6Icp6AaVVP8ZKh2w==",
      "license": "MIT",
      "dependencies": {
        "@uppy/utils": "^7.0.2",
        "cropperjs": "^1.6.2",
        "preact": "^10.5.13"
      },
      "peerDependencies": {
        "@uppy/core": "^5.0.2"
      }
    },
    "node_modules/@uppy/instagram": {
      "version": "5.0.1",
      "resolved": "https://registry.npmjs.org/@uppy/instagram/-/instagram-5.0.1.tgz",
      "integrity": "sha512-Y3UD9e5UUgQ/EOimpAbwKvPYGwGBDyeaxIZyTIRrd6lODfCsVr4qOjWxH/2yJ/Eo+LSrh4IcWI71sb2T6LN0iA==",
      "license": "MIT",
      "dependencies": {
        "@uppy/companion-client": "^5.0.1",
        "@uppy/provider-views": "^5.0.2",
        "@uppy/utils": "^7.0.2",
        "preact": "^10.5.13"
      },
      "peerDependencies": {
        "@uppy/core": "^5.0.2"
      }
    },
    "node_modules/@uppy/onedrive": {
      "version": "5.0.1",
      "resolved": "https://registry.npmjs.org/@uppy/onedrive/-/onedrive-5.0.1.tgz",
      "integrity": "sha512-jvTy7CE+M2SMRDH/b8RYB4vQb+BMloIdC1vEw3tNh9UyKpPWJjKCwSUk2sqCu1cT9Qv5bNgvU0/GOKxsZkv2tA==",
      "license": "MIT",
      "dependencies": {
        "@uppy/companion-client": "^5.0.1",
        "@uppy/provider-views": "^5.0.2",
        "@uppy/utils": "^7.0.2",
        "preact": "^10.5.13"
      },
      "peerDependencies": {
        "@uppy/core": "^5.0.2"
      }
    },
    "node_modules/@uppy/provider-views": {
      "version": "5.0.2",
      "resolved": "https://registry.npmjs.org/@uppy/provider-views/-/provider-views-5.0.2.tgz",
      "integrity": "sha512-RaO/Gfq8kLA95s9n2kxAthiBcmLXocR+YiOhQ8H8DG1rA4aM2GllK7+b4KL1OLlg2tMHohs++qzaInCtb7br9g==",
      "license": "MIT",
      "dependencies": {
        "@uppy/utils": "^7.0.2",
        "classnames": "^2.2.6",
        "nanoid": "^5.0.9",
        "p-queue": "^8.0.0",
        "preact": "^10.5.13"
      },
      "peerDependencies": {
        "@uppy/core": "^5.0.2"
      }
    },
    "node_modules/@uppy/react": {
      "version": "5.0.3",
      "resolved": "https://registry.npmjs.org/@uppy/react/-/react-5.0.3.tgz",
      "integrity": "sha512-I7/CQyp2e9HcBzcvVmZJU9Q6t8BrDvohnR7pa1RxVFTvgryPNBT0mg3Vo7OqHjRq9uQ6J9N+luKo9KuK3lBG9A==",
      "license": "MIT",
      "dependencies": {
        "@uppy/components": "^1.0.2",
        "@uppy/utils": "^7.0.2",
        "preact": "^10.5.13",
        "use-sync-external-store": "^1.3.0"
      },
      "peerDependencies": {
        "@uppy/core": "^5.0.2",
        "@uppy/dashboard": "^5.0.2",
        "@uppy/screen-capture": "^5.0.1",
        "@uppy/webcam": "^5.0.1",
        "react": "^18.0.0 || ^19.0.0",
        "react-dom": "^18.0.0 || ^19.0.0"
      },
      "peerDependenciesMeta": {
        "@uppy/dashboard": {
          "optional": true
        },
        "@uppy/screen-capture": {
          "optional": true
        },
        "@uppy/webcam": {
          "optional": true
        }
      }
    },
    "node_modules/@uppy/remote-sources": {
      "version": "3.0.1",
      "resolved": "https://registry.npmjs.org/@uppy/remote-sources/-/remote-sources-3.0.1.tgz",
      "integrity": "sha512-t9eBx7bRLVvb/lLmXhvDCr9AHZ0LicatdVEePjlRXtTfXWVX9pQ6Qh3j+Cnjg/Po0BDvfO1X5ZYETgwYSzRKeA==",
      "license": "MIT",
      "dependencies": {
        "@uppy/box": "^4.0.1",
        "@uppy/dashboard": "^5.0.2",
        "@uppy/dropbox": "^5.0.1",
        "@uppy/facebook": "^5.0.1",
        "@uppy/google-drive": "^5.0.1",
        "@uppy/instagram": "^5.0.1",
        "@uppy/onedrive": "^5.0.1",
        "@uppy/unsplash": "^5.0.1",
        "@uppy/url": "^5.0.1",
        "@uppy/zoom": "^4.0.1"
      },
      "peerDependencies": {
        "@uppy/core": "^5.0.2"
      }
    },
    "node_modules/@uppy/screen-capture": {
      "version": "5.0.1",
      "resolved": "https://registry.npmjs.org/@uppy/screen-capture/-/screen-capture-5.0.1.tgz",
      "integrity": "sha512-GBAOhku+6XILdgCW3KcWpvXFlX0o8yAZhe8mhN8AFEbQBUtxLZi63fcqfBRjKE0oHrV+4vuND1M5d1/P5UMYXg==",
      "license": "MIT",
      "dependencies": {
        "@uppy/utils": "^7.0.2",
        "preact": "^10.5.13"
      },
      "peerDependencies": {
        "@uppy/core": "^5.0.2"
      }
    },
    "node_modules/@uppy/store-default": {
      "version": "5.0.0",
      "resolved": "https://registry.npmjs.org/@uppy/store-default/-/store-default-5.0.0.tgz",
      "integrity": "sha512-hQtCSQ1yGiaval/wVYUWquYGDJ+bpQ7e4FhUUAsRQz1x1K+o7NBtjfp63O9I4Ks1WRoKunpkarZ+as09l02cPw==",
      "license": "MIT"
    },
    "node_modules/@uppy/thumbnail-generator": {
      "version": "5.0.1",
      "resolved": "https://registry.npmjs.org/@uppy/thumbnail-generator/-/thumbnail-generator-5.0.1.tgz",
      "integrity": "sha512-kmRpZKGS+xCdXU66weLHZ30F8UYEW3U5amtZE8l/ZoDJf/mVevae0RBE8qQsEPXjs6IFH3MCgb4fZ/s/itc3QA==",
      "license": "MIT",
      "dependencies": {
        "@uppy/utils": "^7.0.2",
        "exifr": "^7.0.0"
      },
      "peerDependencies": {
        "@uppy/core": "^5.0.2"
      }
    },
    "node_modules/@uppy/tus": {
      "version": "5.0.1",
      "resolved": "https://registry.npmjs.org/@uppy/tus/-/tus-5.0.1.tgz",
      "integrity": "sha512-4BQA2UFjznXrJhmjsgT/m8WDThoSX2vxKZJH/aF1Xj4GmB46+a5kas6ttCsMDcPq918/sdRJsqCMGj1r4oXKLQ==",
      "license": "MIT",
      "dependencies": {
        "@uppy/companion-client": "^5.0.1",
        "@uppy/utils": "^7.0.2",
        "tus-js-client": "^4.2.3"
      },
      "peerDependencies": {
        "@uppy/core": "^5.0.2"
      }
    },
    "node_modules/@uppy/unsplash": {
      "version": "5.0.1",
      "resolved": "https://registry.npmjs.org/@uppy/unsplash/-/unsplash-5.0.1.tgz",
      "integrity": "sha512-Iiy8904TQbM9FN0Sx1B8mXAP0iTS7464MxoJUJuMaHNQzPs6IlOs5In/6T0VX36OJ8hFmOG2hM3Q3xB2fGU0yQ==",
      "license": "MIT",
      "dependencies": {
        "@uppy/companion-client": "^5.0.1",
        "@uppy/provider-views": "^5.0.2",
        "@uppy/utils": "^7.0.2",
        "preact": "^10.5.13"
      },
      "peerDependencies": {
        "@uppy/core": "^5.0.2"
      }
    },
    "node_modules/@uppy/url": {
      "version": "5.0.1",
      "resolved": "https://registry.npmjs.org/@uppy/url/-/url-5.0.1.tgz",
      "integrity": "sha512-hc7Sv/3p1aZIS0SebA10HO5T9022MWjr14NkNpdb1EfoeUzjjmr2xwQpnQNU1mo3UJFP4ULYWTlF3SH4cE8Deg==",
      "license": "MIT",
      "dependencies": {
        "@uppy/companion-client": "^5.0.1",
        "@uppy/utils": "^7.0.2",
        "nanoid": "^5.0.9",
        "preact": "^10.5.13"
      },
      "peerDependencies": {
        "@uppy/core": "^5.0.2"
      }
    },
    "node_modules/@uppy/utils": {
      "version": "7.0.2",
      "resolved": "https://registry.npmjs.org/@uppy/utils/-/utils-7.0.2.tgz",
      "integrity": "sha512-2fdtgwNTkLgh7yMmHN3ZztHaP/o/iXDSt5VAbvGG4tFFkRxaaDmSKAljglEle1+m1OamKQLjm8fIxfOqu/szng==",
      "license": "MIT",
      "dependencies": {
        "lodash": "^4.17.21",
        "preact": "^10.5.13"
      }
    },
    "node_modules/@uppy/webcam": {
      "version": "5.0.1",
      "resolved": "https://registry.npmjs.org/@uppy/webcam/-/webcam-5.0.1.tgz",
      "integrity": "sha512-zjt3g5E6g5NbufEtYBnK6IS5uBABQnuVixAiwfTYe9of1GkZJpOAe6qeg+zoRad0K/twt2YGqkGyhwzVL9ipuQ==",
      "license": "MIT",
      "dependencies": {
        "@uppy/utils": "^7.0.2",
        "is-mobile": "^4.0.0",
        "preact": "^10.5.13"
      },
      "peerDependencies": {
        "@uppy/core": "^5.0.2"
      }
    },
    "node_modules/@uppy/zoom": {
      "version": "4.0.1",
      "resolved": "https://registry.npmjs.org/@uppy/zoom/-/zoom-4.0.1.tgz",
      "integrity": "sha512-O6zseYdZ4KP29n2o6htXth3P7tChyoNVaH43yeT1l9o3+ODTqcUJRdcYxi4vqs6jBUiCGAFhCVk0mETf0VkaLg==",
      "license": "MIT",
      "dependencies": {
        "@uppy/companion-client": "^5.0.1",
        "@uppy/provider-views": "^5.0.2",
        "@uppy/utils": "^7.0.2",
        "preact": "^10.5.13"
      },
      "peerDependencies": {
        "@uppy/core": "^5.0.2"
      }
    },
    "node_modules/buffer-from": {
      "version": "1.1.2",
      "resolved": "https://registry.npmjs.org/buffer-from/-/buffer-from-1.1.2.tgz",
      "integrity": "sha512-E+XQCRwSbaaiChtv6k6Dwgc+bx+Bs6vuKJHHl5kox/BaKbhiXzqQOwK4cO22yElGp2OCmjwVhT3HmxgyPGnJfQ==",
      "license": "MIT"
    },
    "node_modules/bun-plugin-tailwind": {
      "version": "0.0.15",
      "resolved": "https://registry.npmjs.org/bun-plugin-tailwind/-/bun-plugin-tailwind-0.0.15.tgz",
      "integrity": "sha512-qtAXMNGG4R0UGGI8zWrqm2B7BdXqx48vunJXBPzfDOHPA5WkRUZdTSbE7TFwO4jLhYqSE23YMWsM9NhE6ovobw==",
      "license": "MIT",
      "peerDependencies": {
        "typescript": "^5.0.0"
      }
    },
    "node_modules/bun-types": {
      "version": "1.2.22",
      "resolved": "https://registry.npmjs.org/bun-types/-/bun-types-1.2.22.tgz",
      "integrity": "sha512-hwaAu8tct/Zn6Zft4U9BsZcXkYomzpHJX28ofvx7k0Zz2HNz54n1n+tDgxoWFGB4PcFvJXJQloPhaV2eP3Q6EA==",
      "devOptional": true,
      "license": "MIT",
      "dependencies": {
        "@types/node": "*"
      },
      "peerDependencies": {
        "@types/react": "^19"
      }
    },
    "node_modules/classnames": {
      "version": "2.5.1",
      "resolved": "https://registry.npmjs.org/classnames/-/classnames-2.5.1.tgz",
      "integrity": "sha512-saHYOzhIQs6wy2sVxTM6bUDsQO4F50V9RQ22qBpEdCW+I+/Wmke2HOl6lS6dTpdxVhb88/I6+Hs+438c3lfUow==",
      "license": "MIT"
    },
    "node_modules/clsx": {
      "version": "2.1.1",
      "resolved": "https://registry.npmjs.org/clsx/-/clsx-2.1.1.tgz",
      "integrity": "sha512-eYm0QWBtUrBWZWG0d386OGAw16Z995PiOVo2B7bjWSbHedGl5e0ZWaq65kOGgUSNesEIDkB9ISbTg/JK9dhCZA==",
      "license": "MIT",
      "engines": {
        "node": ">=6"
      }
    },
    "node_modules/combine-errors": {
      "version": "3.0.3",
      "resolved": "https://registry.npmjs.org/combine-errors/-/combine-errors-3.0.3.tgz",
      "integrity": "sha512-C8ikRNRMygCwaTx+Ek3Yr+OuZzgZjduCOfSQBjbM8V3MfgcjSTeto/GXP6PAwKvJz/v15b7GHZvx5rOlczFw/Q==",
      "dependencies": {
        "custom-error-instance": "2.1.1",
        "lodash.uniqby": "4.5.0"
      }
    },
    "node_modules/cropperjs": {
      "version": "1.6.2",
      "resolved": "https://registry.npmjs.org/cropperjs/-/cropperjs-1.6.2.tgz",
      "integrity": "sha512-nhymn9GdnV3CqiEHJVai54TULFAE3VshJTXSqSJKa8yXAKyBKDWdhHarnlIPrshJ0WMFTGuFvG02YjLXfPiuOA==",
      "license": "MIT"
    },
    "node_modules/csstype": {
      "version": "3.1.3",
      "resolved": "https://registry.npmjs.org/csstype/-/csstype-3.1.3.tgz",
      "integrity": "sha512-M1uQkMl8rQK/szD0LNhtqxIPLpimGm8sOBwU7lLnCpSbTyY3yeU1Vc7l4KT5zT4s/yOxHH5O7tIuuLOCnLADRw==",
      "devOptional": true,
      "license": "MIT"
    },
    "node_modules/custom-error-instance": {
      "version": "2.1.1",
      "resolved": "https://registry.npmjs.org/custom-error-instance/-/custom-error-instance-2.1.1.tgz",
      "integrity": "sha512-p6JFxJc3M4OTD2li2qaHkDCw9SfMw82Ldr6OC9Je1aXiGfhx2W8p3GaoeaGrPJTUN9NirTM/KTxHWMUdR1rsUg==",
      "license": "ISC"
    },
    "node_modules/dequal": {
      "version": "2.0.3",
      "resolved": "https://registry.npmjs.org/dequal/-/dequal-2.0.3.tgz",
      "integrity": "sha512-0je+qPKHEMohvfRTCEo3CrPG6cAzAYgmzKyxRiYSSDkS6eGJdyVJm7WaYA5ECaAD9wLB2T4EEeymA5aFVcYXCA==",
      "license": "MIT",
      "engines": {
        "node": ">=6"
      }
    },
    "node_modules/drizzle-orm": {
      "version": "0.44.5",
      "resolved": "https://registry.npmjs.org/drizzle-orm/-/drizzle-orm-0.44.5.tgz",
      "integrity": "sha512-jBe37K7d8ZSKptdKfakQFdeljtu3P2Cbo7tJoJSVZADzIKOBo9IAJPOmMsH2bZl90bZgh8FQlD8BjxXA/zuBkQ==",
      "license": "Apache-2.0",
      "peerDependencies": {
        "@aws-sdk/client-rds-data": ">=3",
        "@cloudflare/workers-types": ">=4",
        "@electric-sql/pglite": ">=0.2.0",
        "@libsql/client": ">=0.10.0",
        "@libsql/client-wasm": ">=0.10.0",
        "@neondatabase/serverless": ">=0.10.0",
        "@op-engineering/op-sqlite": ">=2",
        "@opentelemetry/api": "^1.4.1",
        "@planetscale/database": ">=1.13",
        "@prisma/client": "*",
        "@tidbcloud/serverless": "*",
        "@types/better-sqlite3": "*",
        "@types/pg": "*",
        "@types/sql.js": "*",
        "@upstash/redis": ">=1.34.7",
        "@vercel/postgres": ">=0.8.0",
        "@xata.io/client": "*",
        "better-sqlite3": ">=7",
        "bun-types": "*",
        "expo-sqlite": ">=14.0.0",
        "gel": ">=2",
        "knex": "*",
        "kysely": "*",
        "mysql2": ">=2",
        "pg": ">=8",
        "postgres": ">=3",
        "sql.js": ">=1",
        "sqlite3": ">=5"
      },
      "peerDependenciesMeta": {
        "@aws-sdk/client-rds-data": {
          "optional": true
        },
        "@cloudflare/workers-types": {
          "optional": true
        },
        "@electric-sql/pglite": {
          "optional": true
        },
        "@libsql/client": {
          "optional": true
        },
        "@libsql/client-wasm": {
          "optional": true
        },
        "@neondatabase/serverless": {
          "optional": true
        },
        "@op-engineering/op-sqlite": {
          "optional": true
        },
        "@opentelemetry/api": {
          "optional": true
        },
        "@planetscale/database": {
          "optional": true
        },
        "@prisma/client": {
          "optional": true
        },
        "@tidbcloud/serverless": {
          "optional": true
        },
        "@types/better-sqlite3": {
          "optional": true
        },
        "@types/pg": {
          "optional": true
        },
        "@types/sql.js": {
          "optional": true
        },
        "@upstash/redis": {
          "optional": true
        },
        "@vercel/postgres": {
          "optional": true
        },
        "@xata.io/client": {
          "optional": true
        },
        "better-sqlite3": {
          "optional": true
        },
        "bun-types": {
          "optional": true
        },
        "expo-sqlite": {
          "optional": true
        },
        "gel": {
          "optional": true
        },
        "knex": {
          "optional": true
        },
        "kysely": {
          "optional": true
        },
        "mysql2": {
          "optional": true
        },
        "pg": {
          "optional": true
        },
        "postgres": {
          "optional": true
        },
        "prisma": {
          "optional": true
        },
        "sql.js": {
          "optional": true
        },
        "sqlite3": {
          "optional": true
        }
      }
    },
    "node_modules/eventemitter3": {
      "version": "5.0.1",
      "resolved": "https://registry.npmjs.org/eventemitter3/-/eventemitter3-5.0.1.tgz",
      "integrity": "sha512-GWkBvjiSZK87ELrYOSESUYeVIc9mvLLf/nXalMOS5dYrgZq9o5OVkbZAVM06CVxYsCwH9BDZFPlQTlPA1j4ahA==",
      "license": "MIT"
    },
    "node_modules/exifr": {
      "version": "7.1.3",
      "resolved": "https://registry.npmjs.org/exifr/-/exifr-7.1.3.tgz",
      "integrity": "sha512-g/aje2noHivrRSLbAUtBPWFbxKdKhgj/xr1vATDdUXPOFYJlQ62Ft0oy+72V6XLIpDJfHs6gXLbBLAolqOXYRw==",
      "license": "MIT"
    },
    "node_modules/graceful-fs": {
      "version": "4.2.11",
      "resolved": "https://registry.npmjs.org/graceful-fs/-/graceful-fs-4.2.11.tgz",
      "integrity": "sha512-RbJ5/jmFcNNCcDV5o9eTnBLJ/HszWV0P73bc+Ff4nS/rJj+YaS6IGyiOL0VoBYX+l1Wrl3k63h/KrH+nhJ0XvQ==",
      "license": "ISC"
    },
    "node_modules/is-mobile": {
      "version": "4.0.0",
      "resolved": "https://registry.npmjs.org/is-mobile/-/is-mobile-4.0.0.tgz",
      "integrity": "sha512-mlcHZA84t1qLSuWkt2v0I2l61PYdyQDt4aG1mLIXF5FDMm4+haBCxCPYSr/uwqQNRk1MiTizn0ypEuRAOLRAew==",
      "license": "MIT"
    },
    "node_modules/is-network-error": {
      "version": "1.3.0",
      "resolved": "https://registry.npmjs.org/is-network-error/-/is-network-error-1.3.0.tgz",
      "integrity": "sha512-6oIwpsgRfnDiyEDLMay/GqCl3HoAtH5+RUKW29gYkL0QA+ipzpDLA16yQs7/RHCSu+BwgbJaOUqa4A99qNVQVw==",
      "license": "MIT",
      "engines": {
        "node": ">=16"
      },
      "funding": {
        "url": "https://github.com/sponsors/sindresorhus"
      }
    },
    "node_modules/is-stream": {
      "version": "2.0.1",
      "resolved": "https://registry.npmjs.org/is-stream/-/is-stream-2.0.1.tgz",
      "integrity": "sha512-hFoiJiTl63nn+kstHGBtewWSKnQLpyb155KHheA1l39uvtO9nWIop1p3udqPcUd/xbF1VLMO4n7OI6p7RbngDg==",
      "license": "MIT",
      "engines": {
        "node": ">=8"
      },
      "funding": {
        "url": "https://github.com/sponsors/sindresorhus"
      }
    },
    "node_modules/js-base64": {
      "version": "3.7.8",
      "resolved": "https://registry.npmjs.org/js-base64/-/js-base64-3.7.8.tgz",
      "integrity": "sha512-hNngCeKxIUQiEUN3GPJOkz4wF/YvdUdbNL9hsBcMQTkKzboD7T/q3OYOuuPZLUE6dBxSGpwhk5mwuDud7JVAow==",
      "license": "BSD-3-Clause"
    },
    "node_modules/lodash": {
      "version": "4.17.21",
      "resolved": "https://registry.npmjs.org/lodash/-/lodash-4.17.21.tgz",
      "integrity": "sha512-v2kDEe57lecTulaDIuNTPy3Ry4gLGJ6Z1O3vE1krgXZNrsQ+LFTGHVxVjcXPs17LhbZVGedAJv8XZ1tvj5FvSg==",
      "license": "MIT"
    },
    "node_modules/lodash._baseiteratee": {
      "version": "4.7.0",
      "resolved": "https://registry.npmjs.org/lodash._baseiteratee/-/lodash._baseiteratee-4.7.0.tgz",
      "integrity": "sha512-nqB9M+wITz0BX/Q2xg6fQ8mLkyfF7MU7eE+MNBNjTHFKeKaZAPEzEg+E8LWxKWf1DQVflNEn9N49yAuqKh2mWQ==",
      "license": "MIT",
      "dependencies": {
        "lodash._stringtopath": "~4.8.0"
      }
    },
    "node_modules/lodash._basetostring": {
      "version": "4.12.0",
      "resolved": "https://registry.npmjs.org/lodash._basetostring/-/lodash._basetostring-4.12.0.tgz",
      "integrity": "sha512-SwcRIbyxnN6CFEEK4K1y+zuApvWdpQdBHM/swxP962s8HIxPO3alBH5t3m/dl+f4CMUug6sJb7Pww8d13/9WSw==",
      "license": "MIT"
    },
    "node_modules/lodash._baseuniq": {
      "version": "4.6.0",
      "resolved": "https://registry.npmjs.org/lodash._baseuniq/-/lodash._baseuniq-4.6.0.tgz",
      "integrity": "sha512-Ja1YevpHZctlI5beLA7oc5KNDhGcPixFhcqSiORHNsp/1QTv7amAXzw+gu4YOvErqVlMVyIJGgtzeepCnnur0A==",
      "license": "MIT",
      "dependencies": {
        "lodash._createset": "~4.0.0",
        "lodash._root": "~3.0.0"
      }
    },
    "node_modules/lodash._createset": {
      "version": "4.0.3",
      "resolved": "https://registry.npmjs.org/lodash._createset/-/lodash._createset-4.0.3.tgz",
      "integrity": "sha512-GTkC6YMprrJZCYU3zcqZj+jkXkrXzq3IPBcF/fIPpNEAB4hZEtXU8zp/RwKOvZl43NUmwDbyRk3+ZTbeRdEBXA==",
      "license": "MIT"
    },
    "node_modules/lodash._root": {
      "version": "3.0.1",
      "resolved": "https://registry.npmjs.org/lodash._root/-/lodash._root-3.0.1.tgz",
      "integrity": "sha512-O0pWuFSK6x4EXhM1dhZ8gchNtG7JMqBtrHdoUFUWXD7dJnNSUze1GuyQr5sOs0aCvgGeI3o/OJW8f4ca7FDxmQ==",
      "license": "MIT"
    },
    "node_modules/lodash._stringtopath": {
      "version": "4.8.0",
      "resolved": "https://registry.npmjs.org/lodash._stringtopath/-/lodash._stringtopath-4.8.0.tgz",
      "integrity": "sha512-SXL66C731p0xPDC5LZg4wI5H+dJo/EO4KTqOMwLYCH3+FmmfAKJEZCm6ohGpI+T1xwsDsJCfL4OnhorllvlTPQ==",
      "license": "MIT",
      "dependencies": {
        "lodash._basetostring": "~4.12.0"
      }
    },
    "node_modules/lodash.throttle": {
      "version": "4.1.1",
      "resolved": "https://registry.npmjs.org/lodash.throttle/-/lodash.throttle-4.1.1.tgz",
      "integrity": "sha512-wIkUCfVKpVsWo3JSZlc+8MB5it+2AN5W8J7YVMST30UrvcQNZ1Okbj+rbVniijTWE6FGYy4XJq/rHkas8qJMLQ==",
      "license": "MIT"
    },
    "node_modules/lodash.uniqby": {
      "version": "4.5.0",
      "resolved": "https://registry.npmjs.org/lodash.uniqby/-/lodash.uniqby-4.5.0.tgz",
      "integrity": "sha512-IRt7cfTtHy6f1aRVA5n7kT8rgN3N1nH6MOWLcHfpWG2SH19E3JksLK38MktLxZDhlAjCP9jpIXkOnRXlu6oByQ==",
      "license": "MIT",
      "dependencies": {
        "lodash._baseiteratee": "~4.7.0",
        "lodash._baseuniq": "~4.6.0"
      }
    },
    "node_modules/mime-match": {
      "version": "1.0.2",
      "resolved": "https://registry.npmjs.org/mime-match/-/mime-match-1.0.2.tgz",
      "integrity": "sha512-VXp/ugGDVh3eCLOBCiHZMYWQaTNUHv2IJrut+yXA6+JbLPXHglHwfS/5A5L0ll+jkCY7fIzRJcH6OIunF+c6Cg==",
      "license": "ISC",
      "dependencies": {
        "wildcard": "^1.1.0"
      }
    },
    "node_modules/namespace-emitter": {
      "version": "2.0.1",
      "resolved": "https://registry.npmjs.org/namespace-emitter/-/namespace-emitter-2.0.1.tgz",
      "integrity": "sha512-N/sMKHniSDJBjfrkbS/tpkPj4RAbvW3mr8UAzvlMHyun93XEm83IAvhWtJVHo+RHn/oO8Job5YN4b+wRjSVp5g==",
      "license": "MIT"
    },
    "node_modules/nanoid": {
      "version": "5.1.5",
      "resolved": "https://registry.npmjs.org/nanoid/-/nanoid-5.1.5.tgz",
      "integrity": "sha512-Ir/+ZpE9fDsNH0hQ3C68uyThDXzYcim2EqcZ8zn8Chtt1iylPT9xXJB0kPCnqzgcEGikO9RxSrh63MsmVCU7Fw==",
      "funding": [
        {
          "type": "github",
          "url": "https://github.com/sponsors/ai"
        }
      ],
      "license": "MIT",
      "bin": {
        "nanoid": "bin/nanoid.js"
      },
      "engines": {
        "node": "^18 || >=20"
      }
    },
    "node_modules/p-queue": {
      "version": "8.1.1",
      "resolved": "https://registry.npmjs.org/p-queue/-/p-queue-8.1.1.tgz",
      "integrity": "sha512-aNZ+VfjobsWryoiPnEApGGmf5WmNsCo9xu8dfaYamG5qaLP7ClhLN6NgsFe6SwJ2UbLEBK5dv9x8Mn5+RVhMWQ==",
      "license": "MIT",
      "dependencies": {
        "eventemitter3": "^5.0.1",
        "p-timeout": "^6.1.2"
      },
      "engines": {
        "node": ">=18"
      },
      "funding": {
        "url": "https://github.com/sponsors/sindresorhus"
      }
    },
    "node_modules/p-retry": {
      "version": "6.2.1",
      "resolved": "https://registry.npmjs.org/p-retry/-/p-retry-6.2.1.tgz",
      "integrity": "sha512-hEt02O4hUct5wtwg4H4KcWgDdm+l1bOaEy/hWzd8xtXB9BqxTWBBhb+2ImAtH4Cv4rPjV76xN3Zumqk3k3AhhQ==",
      "license": "MIT",
      "dependencies": {
        "@types/retry": "0.12.2",
        "is-network-error": "^1.0.0",
        "retry": "^0.13.1"
      },
      "engines": {
        "node": ">=16.17"
      },
      "funding": {
        "url": "https://github.com/sponsors/sindresorhus"
      }
    },
    "node_modules/p-timeout": {
      "version": "6.1.4",
      "resolved": "https://registry.npmjs.org/p-timeout/-/p-timeout-6.1.4.tgz",
      "integrity": "sha512-MyIV3ZA/PmyBN/ud8vV9XzwTrNtR4jFrObymZYnZqMmW0zA8Z17vnT0rBgFE/TlohB+YCHqXMgZzb3Csp49vqg==",
      "license": "MIT",
      "engines": {
        "node": ">=14.16"
      },
      "funding": {
        "url": "https://github.com/sponsors/sindresorhus"
      }
    },
    "node_modules/postgres": {
      "version": "3.4.7",
      "resolved": "https://registry.npmjs.org/postgres/-/postgres-3.4.7.tgz",
      "integrity": "sha512-Jtc2612XINuBjIl/QTWsV5UvE8UHuNblcO3vVADSrKsrc6RqGX6lOW1cEo3CM2v0XG4Nat8nI+YM7/f26VxXLw==",
      "license": "Unlicense",
      "engines": {
        "node": ">=12"
      },
      "funding": {
        "type": "individual",
        "url": "https://github.com/sponsors/porsager"
      }
    },
    "node_modules/preact": {
      "version": "10.27.2",
      "resolved": "https://registry.npmjs.org/preact/-/preact-10.27.2.tgz",
      "integrity": "sha512-5SYSgFKSyhCbk6SrXyMpqjb5+MQBgfvEKE/OC+PujcY34sOpqtr+0AZQtPYx5IA6VxynQ7rUPCtKzyovpj9Bpg==",
      "license": "MIT",
      "funding": {
        "type": "opencollective",
        "url": "https://opencollective.com/preact"
      }
    },
    "node_modules/pretty-bytes": {
      "version": "6.1.1",
      "resolved": "https://registry.npmjs.org/pretty-bytes/-/pretty-bytes-6.1.1.tgz",
      "integrity": "sha512-mQUvGU6aUFQ+rNvTIAcZuWGRT9a6f6Yrg9bHs4ImKF+HZCEK+plBvnAZYSIQztknZF2qnzNtr6F8s0+IuptdlQ==",
      "license": "MIT",
      "engines": {
        "node": "^14.13.1 || >=16.0.0"
      },
      "funding": {
        "url": "https://github.com/sponsors/sindresorhus"
      }
    },
    "node_modules/proper-lockfile": {
      "version": "4.1.2",
      "resolved": "https://registry.npmjs.org/proper-lockfile/-/proper-lockfile-4.1.2.tgz",
      "integrity": "sha512-TjNPblN4BwAWMXU8s9AEz4JmQxnD1NNL7bNOY/AKUzyamc379FWASUhc/K1pL2noVb+XmZKLL68cjzLsiOAMaA==",
      "license": "MIT",
      "dependencies": {
        "graceful-fs": "^4.2.4",
        "retry": "^0.12.0",
        "signal-exit": "^3.0.2"
      }
    },
    "node_modules/proper-lockfile/node_modules/retry": {
      "version": "0.12.0",
      "resolved": "https://registry.npmjs.org/retry/-/retry-0.12.0.tgz",
      "integrity": "sha512-9LkiTwjUh6rT555DtE9rTX+BKByPfrMzEAtnlEtdEwr3Nkffwiihqe2bWADg+OQRjt9gl6ICdmB/ZFDCGAtSow==",
      "license": "MIT",
      "engines": {
        "node": ">= 4"
      }
    },
    "node_modules/querystringify": {
      "version": "2.2.0",
      "resolved": "https://registry.npmjs.org/querystringify/-/querystringify-2.2.0.tgz",
      "integrity": "sha512-FIqgj2EUvTa7R50u0rGsyTftzjYmv/a3hO345bZNrqabNqjtgiDMgmo4mkUjd+nzU5oF3dClKqFIPUKybUyqoQ==",
      "license": "MIT"
    },
    "node_modules/react": {
      "version": "19.1.1",
      "resolved": "https://registry.npmjs.org/react/-/react-19.1.1.tgz",
      "integrity": "sha512-w8nqGImo45dmMIfljjMwOGtbmC/mk4CMYhWIicdSflH91J9TyCyczcPFXJzrZ/ZXcgGRFeP6BU0BEJTw6tZdfQ==",
      "license": "MIT",
      "engines": {
        "node": ">=0.10.0"
      }
    },
    "node_modules/react-dom": {
      "version": "19.1.1",
      "resolved": "https://registry.npmjs.org/react-dom/-/react-dom-19.1.1.tgz",
      "integrity": "sha512-Dlq/5LAZgF0Gaz6yiqZCf6VCcZs1ghAJyrsu84Q/GT0gV+mCxbfmKNoGRKBYMJ8IEdGPqu49YWXD02GCknEDkw==",
      "license": "MIT",
      "dependencies": {
        "scheduler": "^0.26.0"
      },
      "peerDependencies": {
        "react": "^19.1.1"
      }
    },
    "node_modules/requires-port": {
      "version": "1.0.0",
      "resolved": "https://registry.npmjs.org/requires-port/-/requires-port-1.0.0.tgz",
      "integrity": "sha512-KigOCHcocU3XODJxsu8i/j8T9tzT4adHiecwORRQ0ZZFcp7ahwXuRU1m+yuO90C5ZUyGeGfocHDI14M3L3yDAQ==",
      "license": "MIT"
    },
    "node_modules/retry": {
      "version": "0.13.1",
      "resolved": "https://registry.npmjs.org/retry/-/retry-0.13.1.tgz",
      "integrity": "sha512-XQBQ3I8W1Cge0Seh+6gjj03LbmRFWuoszgK9ooCpwYIrhhoO80pfq4cUkU5DkknwfOfFteRwlZ56PYOGYyFWdg==",
      "license": "MIT",
      "engines": {
        "node": ">= 4"
      }
    },
    "node_modules/scheduler": {
      "version": "0.26.0",
      "resolved": "https://registry.npmjs.org/scheduler/-/scheduler-0.26.0.tgz",
      "integrity": "sha512-NlHwttCI/l5gCPR3D1nNXtWABUmBwvZpEQiD4IXSbIDq8BzLIK/7Ir5gTFSGZDUu37K5cMNp0hFtzO38sC7gWA==",
      "license": "MIT"
    },
    "node_modules/shallow-equal": {
      "version": "3.1.0",
      "resolved": "https://registry.npmjs.org/shallow-equal/-/shallow-equal-3.1.0.tgz",
      "integrity": "sha512-pfVOw8QZIXpMbhBWvzBISicvToTiM5WBF1EeAUZDDSb5Dt29yl4AYbyywbJFSEsRUMr7gJaxqCdr4L3tQf9wVg==",
      "license": "MIT"
    },
    "node_modules/signal-exit": {
      "version": "3.0.7",
      "resolved": "https://registry.npmjs.org/signal-exit/-/signal-exit-3.0.7.tgz",
      "integrity": "sha512-wnD2ZE+l+SPC/uoS0vXeE9L1+0wuaMqKlfz9AMUo38JsyLSBWSFcHR1Rri62LZc12vLr1gb3jl7iwQhgwpAbGQ==",
      "license": "ISC"
    },
    "node_modules/tailwindcss": {
      "version": "4.1.13",
      "resolved": "https://registry.npmjs.org/tailwindcss/-/tailwindcss-4.1.13.tgz",
      "integrity": "sha512-i+zidfmTqtwquj4hMEwdjshYYgMbOrPzb9a0M3ZgNa0JMoZeFC6bxZvO8yr8ozS6ix2SDz0+mvryPeBs2TFE+w==",
      "license": "MIT"
    },
    "node_modules/tus-js-client": {
      "version": "4.3.1",
      "resolved": "https://registry.npmjs.org/tus-js-client/-/tus-js-client-4.3.1.tgz",
      "integrity": "sha512-ZLeYmjrkaU1fUsKbIi8JML52uAocjEZtBx4DKjRrqzrZa0O4MYwT6db+oqePlspV+FxXJAyFBc/L5gwUi2OFsg==",
      "license": "MIT",
      "dependencies": {
        "buffer-from": "^1.1.2",
        "combine-errors": "^3.0.3",
        "is-stream": "^2.0.0",
        "js-base64": "^3.7.2",
        "lodash.throttle": "^4.1.1",
        "proper-lockfile": "^4.1.2",
        "url-parse": "^1.5.7"
      },
      "engines": {
        "node": ">=18"
      }
    },
    "node_modules/typescript": {
      "version": "5.9.2",
      "resolved": "https://registry.npmjs.org/typescript/-/typescript-5.9.2.tgz",
      "integrity": "sha512-CWBzXQrc/qOkhidw1OzBTQuYRbfyxDXJMVJ1XNwUHGROVmuaeiEm3OslpZ1RV96d7SKKjZKrSJu3+t/xlw3R9A==",
      "license": "Apache-2.0",
      "peer": true,
      "bin": {
        "tsc": "bin/tsc",
        "tsserver": "bin/tsserver"
      },
      "engines": {
        "node": ">=14.17"
      }
    },
    "node_modules/undici-types": {
      "version": "7.12.0",
      "resolved": "https://registry.npmjs.org/undici-types/-/undici-types-7.12.0.tgz",
      "integrity": "sha512-goOacqME2GYyOZZfb5Lgtu+1IDmAlAEu5xnD3+xTzS10hT0vzpf0SPjkXwAw9Jm+4n/mQGDP3LO8CPbYROeBfQ==",
      "devOptional": true,
      "license": "MIT"
    },
    "node_modules/url-parse": {
      "version": "1.5.10",
      "resolved": "https://registry.npmjs.org/url-parse/-/url-parse-1.5.10.tgz",
      "integrity": "sha512-WypcfiRhfeUP9vvF0j6rw0J3hrWrw6iZv3+22h6iRMJ/8z1Tj6XfLP4DsUix5MhMPnXpiHDoKyoZ/bdCkwBCiQ==",
      "license": "MIT",
      "dependencies": {
        "querystringify": "^2.1.1",
        "requires-port": "^1.0.0"
      }
    },
    "node_modules/use-sync-external-store": {
      "version": "1.5.0",
      "resolved": "https://registry.npmjs.org/use-sync-external-store/-/use-sync-external-store-1.5.0.tgz",
      "integrity": "sha512-Rb46I4cGGVBmjamjphe8L/UnvJD+uPPtTkNvX5mZgqdbavhI4EbgIWJiIHXJ8bc/i9EQGPRh4DwEURJ552Do0A==",
      "license": "MIT",
      "peerDependencies": {
        "react": "^16.8.0 || ^17.0.0 || ^18.0.0 || ^19.0.0"
      }
    },
    "node_modules/use-tus": {
      "version": "0.8.3",
      "resolved": "https://registry.npmjs.org/use-tus/-/use-tus-0.8.3.tgz",
      "integrity": "sha512-h2kTErWPOAnlQWHRog4fzR5OD9y+iAtsyCyrcB6+/9jpWREjqN5hu1RtLhulfkOnYiq8FXy+IynB2Xex7GluEw==",
      "license": "MIT",
      "peerDependencies": {
        "react": ">=16.8",
        "tus-js-client": ">=2.2.0"
      }
    },
    "node_modules/wildcard": {
      "version": "1.1.2",
      "resolved": "https://registry.npmjs.org/wildcard/-/wildcard-1.1.2.tgz",
      "integrity": "sha512-DXukZJxpHA8LuotRwL0pP1+rS6CS7FF2qStDDE1C7DDg2rLud2PXRMuEDYIPhgEezwnlHNL4c+N6MfMTjCGTng==",
      "license": "MIT"
    },
    "node_modules/zod": {
      "version": "4.1.9",
      "resolved": "https://registry.npmjs.org/zod/-/zod-4.1.9.tgz",
      "integrity": "sha512-HI32jTq0AUAC125z30E8bQNz0RQ+9Uc+4J7V97gLYjZVKRjeydPgGt6dvQzFrav7MYOUGFqqOGiHpA/fdbd0cQ==",
      "license": "MIT",
      "funding": {
        "url": "https://github.com/sponsors/colinhacks"
      }
    }
  }
}
